PyYAML==6.0.3
annotated-types==0.8.0
anyio==4.15.1
click==8.5.0
fastapi==0.116.1
h11==0.16.0
idna==3.20
numpy==2.5.2
opencv-python-headless==4.14.0.94
pillow==12.3.0
pydantic==2.13.4
pydantic_core==2.46.4
python-multipart==0.0.20
scipy==1.18.0
starlette==0.47.3
typing-inspection==0.4.4
typing_extensions==4.16.0
uvicorn==0.35.0
